
Microsoft Visual Studio Solution File, Format Version 12.00
# Visual Studio Version 16
VisualStudioVersion = 16.0.29306.81
MinimumVisualStudioVersion = 10.0.40219.1
Project("{FAE04EC0-301F-11D3-BF4B-00C04F79EFBC}") = "ConventionRegistrationSimulation", "ConventionRegistrationSimulation\ConventionRegistrationSimulation.csproj", "{07D20021-4945-4AF0-B276-3FEBD83AD662}"
EndProject
Global
	GlobalSection(SolutionConfigurationPlatforms) = preSolution
		Debug|Any CPU = Debug|Any CPU
		Release|Any CPU = Release|Any CPU
	EndGlobalSection
	GlobalSection(ProjectConfigurationPlatforms) = postSolution
		{07D20021-4945-4AF0-B276-3FEBD83AD662}.Debug|Any CPU.ActiveCfg = Debug|Any CPU
		{07D20021-4945-4AF0-B276-3FEBD83AD662}.Debug|Any CPU.Build.0 = Debug|Any CPU
		{07D20021-4945-4AF0-B276-3FEBD83AD662}.Release|Any CPU.ActiveCfg = Release|Any CPU
		{07D20021-4945-4AF0-B276-3FEBD83AD662}.Release|Any CPU.Build.0 = Release|Any CPU
	EndGlobalSection
	GlobalSection(SolutionProperties) = preSolution
		HideSolutionNode = FALSE
	EndGlobalSection
	GlobalSection(ExtensibilityGlobals) = postSolution
		SolutionGuid = {5F08EEFF-1D98-4288-8AC5-D479949121E7}
	EndGlobalSection
EndGlobal
